
Microsoft Visual Studio Solution File, Format Version 12.00
# Visual Studio Version 17
VisualStudioVersion = 17.3.32929.385
MinimumVisualStudioVersion = 10.0.40219.1
Project("{9A19103F-16F7-4668-BE54-9A1E7A4F7556}") = "WebApplication1", "..\WebApplication1\WebApplication1.csproj", "{02413CDE-B07B-42A8-9C84-18DC2F01DA52}"
EndProject
Global
	GlobalSection(SolutionConfigurationPlatforms) = preSolution
		Debug|Any CPU = Debug|Any CPU
		Release|Any CPU = Release|Any CPU
	EndGlobalSection
	GlobalSection(ProjectConfigurationPlatforms) = postSolution
		{02413CDE-B07B-42A8-9C84-18DC2F01DA52}.Debug|Any CPU.ActiveCfg = Debug|Any CPU
		{02413CDE-B07B-42A8-9C84-18DC2F01DA52}.Debug|Any CPU.Build.0 = Debug|Any CPU
		{02413CDE-B07B-42A8-9C84-18DC2F01DA52}.Release|Any CPU.ActiveCfg = Release|Any CPU
		{02413CDE-B07B-42A8-9C84-18DC2F01DA52}.Release|Any CPU.Build.0 = Release|Any CPU
	EndGlobalSection
	GlobalSection(SolutionProperties) = preSolution
		HideSolutionNode = FALSE
	EndGlobalSection
	GlobalSection(ExtensibilityGlobals) = postSolution
		SolutionGuid = {BA5B3C8D-07BB-457E-8999-DD6416B7BC61}
	EndGlobalSection
EndGlobal
